// !$*UTF8*$!
{
	archiveVersion = 1;
	classes = {
	};
	objectVersion = 56;
	objects = {

/* Begin PBXBuildFile section */
		8D14150B2EC69D940088233B /* UIView+Extension.swift in Sources */ = {isa = PBXBuildFile; fileRef = 8D14150A2EC69D8C0088233B /* UIView+Extension.swift */; };
		8D2008AB2BECADE00043700A /* ShareTripApp.swift in Sources */ = {isa = PBXBuildFile; fileRef = 8D2008AA2BECADE00043700A /* ShareTripApp.swift */; };
		8D2008AD2BECADE00043700A /* ContentView.swift in Sources */ = {isa = PBXBuildFile; fileRef = 8D2008AC2BECADE00043700A /* ContentView.swift */; };
		8D2008AF2BECADE20043700A /* Assets.xcassets in Resources */ = {isa = PBXBuildFile; fileRef = 8D2008AE2BECADE20043700A /* Assets.xcassets */; };
		8D2008B22BECADE20043700A /* Preview Assets.xcassets in Resources */ = {isa = PBXBuildFile; fileRef = 8D2008B12BECADE20043700A /* Preview Assets.xcassets */; };
		8D2008B42BECADE20043700A /* Persistence.swift in Sources */ = {isa = PBXBuildFile; fileRef = 8D2008B32BECADE20043700A /* Persistence.swift */; };
		8D2008B72BECADE20043700A /* ShareTrip.xcdatamodeld in Sources */ = {isa = PBXBuildFile; fileRef = 8D2008B52BECADE20043700A /* ShareTrip.xcdatamodeld */; };
		8D2008C12BECADE30043700A /* ShareTripTests.swift in Sources */ = {isa = PBXBuildFile; fileRef = 8D2008C02BECADE30043700A /* ShareTripTests.swift */; };
		8D2008CB2BECADE30043700A /* ShareTripUITests.swift in Sources */ = {isa = PBXBuildFile; fileRef = 8D2008CA2BECADE30043700A /* ShareTripUITests.swift */; };
		8D2008CD2BECADE30043700A /* ShareTripUITestsLaunchTests.swift in Sources */ = {isa = PBXBuildFile; fileRef = 8D2008CC2BECADE30043700A /* ShareTripUITestsLaunchTests.swift */; };
		8D55B4712BF01C1800E5E140 /* MapDescriptionViewTests.swift in Sources */ = {isa = PBXBuildFile; fileRef = 8D55B4702BF01C1800E5E140 /* MapDescriptionViewTests.swift */; };
		8D55B4742BF01FF700E5E140 /* UIImageExtensionTests.swift in Sources */ = {isa = PBXBuildFile; fileRef = 8D55B4732BF01FF700E5E140 /* UIImageExtensionTests.swift */; };
		8D72EA002BEE0E550000A84A /* MapDescriptionView.swift in Sources */ = {isa = PBXBuildFile; fileRef = 8D72E9FF2BEE0E550000A84A /* MapDescriptionView.swift */; };
		8D72EA022BEE14340000A84A /* MapBubbleView.swift in Sources */ = {isa = PBXBuildFile; fileRef = 8D72EA012BEE14340000A84A /* MapBubbleView.swift */; };
		8D72EA042BEE1A010000A84A /* UIImage+Extension.swift in Sources */ = {isa = PBXBuildFile; fileRef = 8D72EA032BEE1A010000A84A /* UIImage+Extension.swift */; };
		8DA0D7B42BF0FEE300642421 /* LocationManager.swift in Sources */ = {isa = PBXBuildFile; fileRef = 8DA0D7B32BF0FEE300642421 /* LocationManager.swift */; };
		8DA32DFF2BF11FBF00029E70 /* README.md in Resources */ = {isa = PBXBuildFile; fileRef = 8DA32DFE2BF11FBF00029E70 /* README.md */; };
		8DB2583E2BF0C5A900E55F68 /* MapViewTests.swift in Sources */ = {isa = PBXBuildFile; fileRef = 8DB2583D2BF0C5A900E55F68 /* MapViewTests.swift */; };
		8DB258432BF0D0E900E55F68 /* SCReportTests.swift in Sources */ = {isa = PBXBuildFile; fileRef = 8DB258422BF0D0E900E55F68 /* SCReportTests.swift */; };
		8DB258462BF0D86800E55F68 /* EnumTests.swift in Sources */ = {isa = PBXBuildFile; fileRef = 8DB258452BF0D86800E55F68 /* EnumTests.swift */; };
		8DB258482BF0D93900E55F68 /* MapBubbleViewTests.swift in Sources */ = {isa = PBXBuildFile; fileRef = 8DB258472BF0D93900E55F68 /* MapBubbleViewTests.swift */; };
		8DB2584C2BF0DB0E00E55F68 /* ContactFormViewModelTests.swift in Sources */ = {isa = PBXBuildFile; fileRef = 8DB2584B2BF0DB0E00E55F68 /* ContactFormViewModelTests.swift */; };
		8DCBB4BA2BEEE37100E425CD /* SCReport+Extension.swift in Sources */ = {isa = PBXBuildFile; fileRef = 8DCBB4B92BEEE37100E425CD /* SCReport+Extension.swift */; };
		8DE0B1A82BEEC198003CA92B /* ContactFormViewModel.swift in Sources */ = {isa = PBXBuildFile; fileRef = 8DE0B1A72BEEC198003CA92B /* ContactFormViewModel.swift */; };
		8DE0B1AA2BEEC1AE003CA92B /* ContactFormView.swift in Sources */ = {isa = PBXBuildFile; fileRef = 8DE0B1A92BEEC1AE003CA92B /* ContactFormView.swift */; };
		8DF3BD002BECB8D1001E2990 /* HeaderView.swift in Sources */ = {isa = PBXBuildFile; fileRef = 8DF3BCFF2BECB8D1001E2990 /* HeaderView.swift */; };
		8DF3BD022BECB931001E2990 /* Color+Extension.swift in Sources */ = {isa = PBXBuildFile; fileRef = 8DF3BD012BECB931001E2990 /* Color+Extension.swift */; };
		8DF3BD042BECB9C5001E2990 /* Common.swift in Sources */ = {isa = PBXBuildFile; fileRef = 8DF3BD032BECB9C5001E2990 /* Common.swift */; };
		8DF3BD072BECBB52001E2990 /* MapView.swift in Sources */ = {isa = PBXBuildFile; fileRef = 8DF3BD062BECBB52001E2990 /* MapView.swift */; };
		8DF3BD0A2BECBBD3001E2990 /* FiltersView.swift in Sources */ = {isa = PBXBuildFile; fileRef = 8DF3BD092BECBBD3001E2990 /* FiltersView.swift */; };
		8DF3BD0C2BECBC0E001E2990 /* FilterButton.swift in Sources */ = {isa = PBXBuildFile; fileRef = 8DF3BD0B2BECBC0E001E2990 /* FilterButton.swift */; };
		8DF3BD0E2BECBE25001E2990 /* Enums.swift in Sources */ = {isa = PBXBuildFile; fileRef = 8DF3BD0D2BECBE25001E2990 /* Enums.swift */; };
		8DF3BD112BECBEA9001E2990 /* TripsListView.swift in Sources */ = {isa = PBXBuildFile; fileRef = 8DF3BD102BECBEA9001E2990 /* TripsListView.swift */; };
		8DF3BD132BECBF2E001E2990 /* TripCellView.swift in Sources */ = {isa = PBXBuildFile; fileRef = 8DF3BD122BECBF2E001E2990 /* TripCellView.swift */; };
		8DF3BD152BECD5F8001E2990 /* Response.swift in Sources */ = {isa = PBXBuildFile; fileRef = 8DF3BD142BECD5F8001E2990 /* Response.swift */; };
		8DF3BD172BECE451001E2990 /* Date+Extension.swift in Sources */ = {isa = PBXBuildFile; fileRef = 8DF3BD162BECE451001E2990 /* Date+Extension.swift */; };
		8DF3BD192BED1A56001E2990 /* Webservice.swift in Sources */ = {isa = PBXBuildFile; fileRef = 8DF3BD182BED1A56001E2990 /* Webservice.swift */; };
		8DF3BD1B2BED1B23001E2990 /* TripsViewModel.swift in Sources */ = {isa = PBXBuildFile; fileRef = 8DF3BD1A2BED1B23001E2990 /* TripsViewModel.swift */; };
		8DF3BD1E2BED7A56001E2990 /* LoadingOverlay.swift in Sources */ = {isa = PBXBuildFile; fileRef = 8DF3BD1D2BED7A56001E2990 /* LoadingOverlay.swift */; };
		8DF3BD272BED8344001E2990 /* ErrorView.swift in Sources */ = {isa = PBXBuildFile; fileRef = 8DF3BD262BED8344001E2990 /* ErrorView.swift */; };
		8DF3BD292BED84E7001E2990 /* WebserviceTests.swift in Sources */ = {isa = PBXBuildFile; fileRef = 8DF3BD282BED84E7001E2990 /* WebserviceTests.swift */; };
		8DF3BD2B2BED85B0001E2990 /* ColorExtensionTests.swift in Sources */ = {isa = PBXBuildFile; fileRef = 8DF3BD2A2BED85B0001E2990 /* ColorExtensionTests.swift */; };
		8DF3BD2D2BED8664001E2990 /* DateExtensionTests.swift in Sources */ = {isa = PBXBuildFile; fileRef = 8DF3BD2C2BED8664001E2990 /* DateExtensionTests.swift */; };
		8DF3BD2F2BED8793001E2990 /* ResponseTests.swift in Sources */ = {isa = PBXBuildFile; fileRef = 8DF3BD2E2BED8793001E2990 /* ResponseTests.swift */; };
		8DF3BD362BED8CFE001E2990 /* GoogleMaps in Frameworks */ = {isa = PBXBuildFile; productRef = 8DF3BD352BED8CFE001E2990 /* GoogleMaps */; };
		8DF3BD382BED8CFE001E2990 /* GoogleMapsBase in Frameworks */ = {isa = PBXBuildFile; productRef = 8DF3BD372BED8CFE001E2990 /* GoogleMapsBase */; };
		8DF3BD3A2BED8CFE001E2990 /* GoogleMapsCore in Frameworks */ = {isa = PBXBuildFile; productRef = 8DF3BD392BED8CFE001E2990 /* GoogleMapsCore */; };
		8DF3BD3D2BED8E07001E2990 /* Polyline in Frameworks */ = {isa = PBXBuildFile; productRef = 8DF3BD3C2BED8E07001E2990 /* Polyline */; };
		8DF3BD3F2BED8F11001E2990 /* AppDelegate.swift in Sources */ = {isa = PBXBuildFile; fileRef = 8DF3BD3E2BED8F11001E2990 /* AppDelegate.swift */; };
		8DF3BD412BED90F2001E2990 /* GoogleMapsPrivacy.bundle in Resources */ = {isa = PBXBuildFile; fileRef = 8DF3BD402BED90F2001E2990 /* GoogleMapsPrivacy.bundle */; };
		8DF3BD432BED9268001E2990 /* credentials.plist in Resources */ = {isa = PBXBuildFile; fileRef = 8DF3BD422BED9268001E2990 /* credentials.plist */; };
/* End PBXBuildFile section */

/* Begin PBXContainerItemProxy section */
		8D2008BD2BECADE30043700A /* PBXContainerItemProxy */ = {
			isa = PBXContainerItemProxy;
			containerPortal = 8D20089F2BECADE00043700A /* Project object */;
			proxyType = 1;
			remoteGlobalIDString = 8D2008A62BECADE00043700A;
			remoteInfo = ShareTrip;
		};
		8D2008C72BECADE30043700A /* PBXContainerItemProxy */ = {
			isa = PBXContainerItemProxy;
			containerPortal = 8D20089F2BECADE00043700A /* Project object */;
			proxyType = 1;
			remoteGlobalIDString = 8D2008A62BECADE00043700A;
			remoteInfo = ShareTrip;
		};
/* End PBXContainerItemProxy section */

/* Begin PBXFileReference section */
		8D14150A2EC69D8C0088233B /* UIView+Extension.swift */ = {isa = PBXFileReference; lastKnownFileType = sourcecode.swift; path = "UIView+Extension.swift"; sourceTree = "<group>"; };
		8D2008A72BECADE00043700A /* ShareTrip.app */ = {isa = PBXFileReference; explicitFileType = wrapper.application; includeInIndex = 0; path = ShareTrip.app; sourceTree = BUILT_PRODUCTS_DIR; };
		8D2008AA2BECADE00043700A /* ShareTripApp.swift */ = {isa = PBXFileReference; lastKnownFileType = sourcecode.swift; path = ShareTripApp.swift; sourceTree = "<group>"; };
		8D2008AC2BECADE00043700A /* ContentView.swift */ = {isa = PBXFileReference; lastKnownFileType = sourcecode.swift; path = ContentView.swift; sourceTree = "<group>"; };
		8D2008AE2BECADE20043700A /* Assets.xcassets */ = {isa = PBXFileReference; lastKnownFileType = folder.assetcatalog; path = Assets.xcassets; sourceTree = "<group>"; };
		8D2008B12BECADE20043700A /* Preview Assets.xcassets */ = {isa = PBXFileReference; lastKnownFileType = folder.assetcatalog; path = "Preview Assets.xcassets"; sourceTree = "<group>"; };
		8D2008B32BECADE20043700A /* Persistence.swift */ = {isa = PBXFileReference; lastKnownFileType = sourcecode.swift; path = Persistence.swift; sourceTree = "<group>"; };
		8D2008B62BECADE20043700A /* ShareTrip.xcdatamodel */ = {isa = PBXFileReference; lastKnownFileType = wrapper.xcdatamodel; path = ShareTrip.xcdatamodel; sourceTree = "<group>"; };
		8D2008BC2BECADE30043700A /* ShareTripTests.xctest */ = {isa = PBXFileReference; explicitFileType = wrapper.cfbundle; includeInIndex = 0; path = ShareTripTests.xctest; sourceTree = BUILT_PRODUCTS_DIR; };
		8D2008C02BECADE30043700A /* ShareTripTests.swift */ = {isa = PBXFileReference; lastKnownFileType = sourcecode.swift; path = ShareTripTests.swift; sourceTree = "<group>"; };
		8D2008C62BECADE30043700A /* ShareTripUITests.xctest */ = {isa = PBXFileReference; explicitFileType = wrapper.cfbundle; includeInIndex = 0; path = ShareTripUITests.xctest; sourceTree = BUILT_PRODUCTS_DIR; };
		8D2008CA2BECADE30043700A /* ShareTripUITests.swift */ = {isa = PBXFileReference; lastKnownFileType = sourcecode.swift; path = ShareTripUITests.swift; sourceTree = "<group>"; };
		8D2008CC2BECADE30043700A /* ShareTripUITestsLaunchTests.swift */ = {isa = PBXFileReference; lastKnownFileType = sourcecode.swift; path = ShareTripUITestsLaunchTests.swift; sourceTree = "<group>"; };
		8D55B4702BF01C1800E5E140 /* MapDescriptionViewTests.swift */ = {isa = PBXFileReference; lastKnownFileType = sourcecode.swift; path = MapDescriptionViewTests.swift; sourceTree = "<group>"; };
		8D55B4732BF01FF700E5E140 /* UIImageExtensionTests.swift */ = {isa = PBXFileReference; lastKnownFileType = sourcecode.swift; path = UIImageExtensionTests.swift; sourceTree = "<group>"; };
		8D72E9FF2BEE0E550000A84A /* MapDescriptionView.swift */ = {isa = PBXFileReference; lastKnownFileType = sourcecode.swift; path = MapDescriptionView.swift; sourceTree = "<group>"; };
		8D72EA012BEE14340000A84A /* MapBubbleView.swift */ = {isa = PBXFileReference; lastKnownFileType = sourcecode.swift; path = MapBubbleView.swift; sourceTree = "<group>"; };
		8D72EA032BEE1A010000A84A /* UIImage+Extension.swift */ = {isa = PBXFileReference; lastKnownFileType = sourcecode.swift; path = "UIImage+Extension.swift"; sourceTree = "<group>"; };
		8DA0D7B32BF0FEE300642421 /* LocationManager.swift */ = {isa = PBXFileReference; lastKnownFileType = sourcecode.swift; path = LocationManager.swift; sourceTree = "<group>"; };
		8DA32DFE2BF11FBF00029E70 /* README.md */ = {isa = PBXFileReference; lastKnownFileType = net.daringfireball.markdown; path = README.md; sourceTree = "<group>"; };
		8DB2583D2BF0C5A900E55F68 /* MapViewTests.swift */ = {isa = PBXFileReference; lastKnownFileType = sourcecode.swift; path = MapViewTests.swift; sourceTree = "<group>"; };
		8DB258422BF0D0E900E55F68 /* SCReportTests.swift */ = {isa = PBXFileReference; lastKnownFileType = sourcecode.swift; path = SCReportTests.swift; sourceTree = "<group>"; };
		8DB258452BF0D86800E55F68 /* EnumTests.swift */ = {isa = PBXFileReference; lastKnownFileType = sourcecode.swift; path = EnumTests.swift; sourceTree = "<group>"; };
		8DB258472BF0D93900E55F68 /* MapBubbleViewTests.swift */ = {isa = PBXFileReference; lastKnownFileType = sourcecode.swift; path = MapBubbleViewTests.swift; sourceTree = "<group>"; };
		8DB2584B2BF0DB0E00E55F68 /* ContactFormViewModelTests.swift */ = {isa = PBXFileReference; lastKnownFileType = sourcecode.swift; path = ContactFormViewModelTests.swift; sourceTree = "<group>"; };
		8DCBB4B92BEEE37100E425CD /* SCReport+Extension.swift */ = {isa = PBXFileReference; lastKnownFileType = sourcecode.swift; path = "SCReport+Extension.swift"; sourceTree = "<group>"; };
		8DCBB4BB2BEEF20A00E425CD /* Info.plist */ = {isa = PBXFileReference; lastKnownFileType = text.plist.xml; path = Info.plist; sourceTree = "<group>"; };
		8DE0B1A72BEEC198003CA92B /* ContactFormViewModel.swift */ = {isa = PBXFileReference; lastKnownFileType = sourcecode.swift; path = ContactFormViewModel.swift; sourceTree = "<group>"; };
		8DE0B1A92BEEC1AE003CA92B /* ContactFormView.swift */ = {isa = PBXFileReference; lastKnownFileType = sourcecode.swift; path = ContactFormView.swift; sourceTree = "<group>"; };
		8DF3BCFF2BECB8D1001E2990 /* HeaderView.swift */ = {isa = PBXFileReference; lastKnownFileType = sourcecode.swift; path = HeaderView.swift; sourceTree = "<group>"; };
		8DF3BD012BECB931001E2990 /* Color+Extension.swift */ = {isa = PBXFileReference; lastKnownFileType = sourcecode.swift; path = "Color+Extension.swift"; sourceTree = "<group>"; };
		8DF3BD032BECB9C5001E2990 /* Common.swift */ = {isa = PBXFileReference; lastKnownFileType = sourcecode.swift; path = Common.swift; sourceTree = "<group>"; };
		8DF3BD062BECBB52001E2990 /* MapView.swift */ = {isa = PBXFileReference; lastKnownFileType = sourcecode.swift; path = MapView.swift; sourceTree = "<group>"; };
		8DF3BD092BECBBD3001E2990 /* FiltersView.swift */ = {isa = PBXFileReference; lastKnownFileType = sourcecode.swift; path = FiltersView.swift; sourceTree = "<group>"; };
		8DF3BD0B2BECBC0E001E2990 /* FilterButton.swift */ = {isa = PBXFileReference; lastKnownFileType = sourcecode.swift; path = FilterButton.swift; sourceTree = "<group>"; };
		8DF3BD0D2BECBE25001E2990 /* Enums.swift */ = {isa = PBXFileReference; lastKnownFileType = sourcecode.swift; path = Enums.swift; sourceTree = "<group>"; };
		8DF3BD102BECBEA9001E2990 /* TripsListView.swift */ = {isa = PBXFileReference; lastKnownFileType = sourcecode.swift; path = TripsListView.swift; sourceTree = "<group>"; };
		8DF3BD122BECBF2E001E2990 /* TripCellView.swift */ = {isa = PBXFileReference; lastKnownFileType = sourcecode.swift; path = TripCellView.swift; sourceTree = "<group>"; };
		8DF3BD142BECD5F8001E2990 /* Response.swift */ = {isa = PBXFileReference; lastKnownFileType = sourcecode.swift; path = Response.swift; sourceTree = "<group>"; };
		8DF3BD162BECE451001E2990 /* Date+Extension.swift */ = {isa = PBXFileReference; lastKnownFileType = sourcecode.swift; path = "Date+Extension.swift"; sourceTree = "<group>"; };
		8DF3BD182BED1A56001E2990 /* Webservice.swift */ = {isa = PBXFileReference; lastKnownFileType = sourcecode.swift; path = Webservice.swift; sourceTree = "<group>"; };
		8DF3BD1A2BED1B23001E2990 /* TripsViewModel.swift */ = {isa = PBXFileReference; lastKnownFileType = sourcecode.swift; path = TripsViewModel.swift; sourceTree = "<group>"; };
		8DF3BD1D2BED7A56001E2990 /* LoadingOverlay.swift */ = {isa = PBXFileReference; lastKnownFileType = sourcecode.swift; path = LoadingOverlay.swift; sourceTree = "<group>"; };
		8DF3BD262BED8344001E2990 /* ErrorView.swift */ = {isa = PBXFileReference; lastKnownFileType = sourcecode.swift; path = ErrorView.swift; sourceTree = "<group>"; };
		8DF3BD282BED84E7001E2990 /* WebserviceTests.swift */ = {isa = PBXFileReference; lastKnownFileType = sourcecode.swift; path = WebserviceTests.swift; sourceTree = "<group>"; };
		8DF3BD2A2BED85B0001E2990 /* ColorExtensionTests.swift */ = {isa = PBXFileReference; lastKnownFileType = sourcecode.swift; path = ColorExtensionTests.swift; sourceTree = "<group>"; };
		8DF3BD2C2BED8664001E2990 /* DateExtensionTests.swift */ = {isa = PBXFileReference; lastKnownFileType = sourcecode.swift; path = DateExtensionTests.swift; sourceTree = "<group>"; };
		8DF3BD2E2BED8793001E2990 /* ResponseTests.swift */ = {isa = PBXFileReference; lastKnownFileType = sourcecode.swift; path = ResponseTests.swift; sourceTree = "<group>"; };
		8DF3BD3E2BED8F11001E2990 /* AppDelegate.swift */ = {isa = PBXFileReference; lastKnownFileType = sourcecode.swift; path = AppDelegate.swift; sourceTree = "<group>"; };
		8DF3BD402BED90F2001E2990 /* GoogleMapsPrivacy.bundle */ = {isa = PBXFileReference; lastKnownFileType = "wrapper.plug-in"; path = GoogleMapsPrivacy.bundle; sourceTree = "<group>"; };
		8DF3BD422BED9268001E2990 /* credentials.plist */ = {isa = PBXFileReference; lastKnownFileType = text.plist.xml; path = credentials.plist; sourceTree = "<group>"; };
/* End PBXFileReference section */

/* Begin PBXFrameworksBuildPhase section */
		8D2008A42BECADE00043700A /* Frameworks */ = {
			isa = PBXFrameworksBuildPhase;
			buildActionMask = 2147483647;
			files = (
				8DF3BD3D2BED8E07001E2990 /* Polyline in Frameworks */,
				8DF3BD362BED8CFE001E2990 /* GoogleMaps in Frameworks */,
				8DF3BD3A2BED8CFE001E2990 /* GoogleMapsCore in Frameworks */,
				8DF3BD382BED8CFE001E2990 /* GoogleMapsBase in Frameworks */,
			);
			runOnlyForDeploymentPostprocessing = 0;
		};
		8D2008B92BECADE30043700A /* Frameworks */ = {
			isa = PBXFrameworksBuildPhase;
			buildActionMask = 2147483647;
			files = (
			);
			runOnlyForDeploymentPostprocessing = 0;
		};
		8D2008C32BECADE30043700A /* Frameworks */ = {
			isa = PBXFrameworksBuildPhase;
			buildActionMask = 2147483647;
			files = (
			);
			runOnlyForDeploymentPostprocessing = 0;
		};
/* End PBXFrameworksBuildPhase section */

/* Begin PBXGroup section */
		8D20089E2BECADE00043700A = {
			isa = PBXGroup;
			children = (
				8DA32DFE2BF11FBF00029E70 /* README.md */,
				8DF3BD402BED90F2001E2990 /* GoogleMapsPrivacy.bundle */,
				8D2008A92BECADE00043700A /* ShareTrip */,
				8D2008BF2BECADE30043700A /* ShareTripTests */,
				8D2008C92BECADE30043700A /* ShareTripUITests */,
				8D2008A82BECADE00043700A /* Products */,
			);
			sourceTree = "<group>";
		};
		8D2008A82BECADE00043700A /* Products */ = {
			isa = PBXGroup;
			children = (
				8D2008A72BECADE00043700A /* ShareTrip.app */,
				8D2008BC2BECADE30043700A /* ShareTripTests.xctest */,
				8D2008C62BECADE30043700A /* ShareTripUITests.xctest */,
			);
			name = Products;
			sourceTree = "<group>";
		};
		8D2008A92BECADE00043700A /* ShareTrip */ = {
			isa = PBXGroup;
			children = (
				8DCBB4BB2BEEF20A00E425CD /* Info.plist */,
				8DFC72672BECAF8F006E3020 /* Delegate */,
				8DFC72662BECAF85006E3020 /* Support */,
				8DFC72652BECAF6B006E3020 /* Extension */,
				8DFC72642BECAF64006E3020 /* Service */,
				8DFC72632BECAF60006E3020 /* Model */,
				8DFC72622BECAF55006E3020 /* ViewModel */,
				8DFC72612BECAF4A006E3020 /* View */,
				8D2008AA2BECADE00043700A /* ShareTripApp.swift */,
				8D2008B32BECADE20043700A /* Persistence.swift */,
				8D2008B02BECADE20043700A /* Preview Content */,
			);
			path = ShareTrip;
			sourceTree = "<group>";
		};
		8D2008B02BECADE20043700A /* Preview Content */ = {
			isa = PBXGroup;
			children = (
				8D2008B12BECADE20043700A /* Preview Assets.xcassets */,
			);
			path = "Preview Content";
			sourceTree = "<group>";
		};
		8D2008BF2BECADE30043700A /* ShareTripTests */ = {
			isa = PBXGroup;
			children = (
				8DB258412BF0D0CE00E55F68 /* Model */,
				8DB2583C2BF0C59300E55F68 /* View */,
				8D55B4752BF020AF00E5E140 /* Service */,
				8D55B4722BF01FDE00E5E140 /* Extension */,
				8D2008C02BECADE30043700A /* ShareTripTests.swift */,
			);
			path = ShareTripTests;
			sourceTree = "<group>";
		};
		8D2008C92BECADE30043700A /* ShareTripUITests */ = {
			isa = PBXGroup;
			children = (
				8D2008CA2BECADE30043700A /* ShareTripUITests.swift */,
				8D2008CC2BECADE30043700A /* ShareTripUITestsLaunchTests.swift */,
			);
			path = ShareTripUITests;
			sourceTree = "<group>";
		};
		8D55B4722BF01FDE00E5E140 /* Extension */ = {
			isa = PBXGroup;
			children = (
				8DF3BD2A2BED85B0001E2990 /* ColorExtensionTests.swift */,
				8DF3BD2C2BED8664001E2990 /* DateExtensionTests.swift */,
				8D55B4732BF01FF700E5E140 /* UIImageExtensionTests.swift */,
			);
			path = Extension;
			sourceTree = "<group>";
		};
		8D55B4752BF020AF00E5E140 /* Service */ = {
			isa = PBXGroup;
			children = (
				8DF3BD282BED84E7001E2990 /* WebserviceTests.swift */,
			);
			path = Service;
			sourceTree = "<group>";
		};
		8DB2583C2BF0C59300E55F68 /* View */ = {
			isa = PBXGroup;
			children = (
				8DB2584B2BF0DB0E00E55F68 /* ContactFormViewModelTests.swift */,
				8D55B4702BF01C1800E5E140 /* MapDescriptionViewTests.swift */,
				8DB2583D2BF0C5A900E55F68 /* MapViewTests.swift */,
				8DB258472BF0D93900E55F68 /* MapBubbleViewTests.swift */,
			);
			path = View;
			sourceTree = "<group>";
		};
		8DB258412BF0D0CE00E55F68 /* Model */ = {
			isa = PBXGroup;
			children = (
				8DF3BD2E2BED8793001E2990 /* ResponseTests.swift */,
				8DB258422BF0D0E900E55F68 /* SCReportTests.swift */,
				8DB258452BF0D86800E55F68 /* EnumTests.swift */,
			);
			path = Model;
			sourceTree = "<group>";
		};
		8DF3BCFE2BECB8C1001E2990 /* header */ = {
			isa = PBXGroup;
			children = (
				8DF3BCFF2BECB8D1001E2990 /* HeaderView.swift */,
			);
			path = header;
			sourceTree = "<group>";
		};
		8DF3BD052BECBB35001E2990 /* map */ = {
			isa = PBXGroup;
			children = (
				8DF3BD062BECBB52001E2990 /* MapView.swift */,
				8D72E9FF2BEE0E550000A84A /* MapDescriptionView.swift */,
				8D72EA012BEE14340000A84A /* MapBubbleView.swift */,
			);
			path = map;
			sourceTree = "<group>";
		};
		8DF3BD082BECBBB2001E2990 /* filters */ = {
			isa = PBXGroup;
			children = (
				8DF3BD092BECBBD3001E2990 /* FiltersView.swift */,
				8DF3BD0B2BECBC0E001E2990 /* FilterButton.swift */,
			);
			path = filters;
			sourceTree = "<group>";
		};
		8DF3BD0F2BECBE93001E2990 /* list */ = {
			isa = PBXGroup;
			children = (
				8DF3BD102BECBEA9001E2990 /* TripsListView.swift */,
				8DF3BD122BECBF2E001E2990 /* TripCellView.swift */,
			);
			path = list;
			sourceTree = "<group>";
		};
		8DF3BD1C2BED7A45001E2990 /* loading */ = {
			isa = PBXGroup;
			children = (
				8DF3BD1D2BED7A56001E2990 /* LoadingOverlay.swift */,
			);
			path = loading;
			sourceTree = "<group>";
		};
		8DF3BD252BED8333001E2990 /* error */ = {
			isa = PBXGroup;
			children = (
				8DF3BD262BED8344001E2990 /* ErrorView.swift */,
			);
			path = error;
			sourceTree = "<group>";
		};
		8DFC72612BECAF4A006E3020 /* View */ = {
			isa = PBXGroup;
			children = (
				8D2008AC2BECADE00043700A /* ContentView.swift */,
				8DE0B1A92BEEC1AE003CA92B /* ContactFormView.swift */,
				8DF3BD252BED8333001E2990 /* error */,
				8DF3BCFE2BECB8C1001E2990 /* header */,
				8DF3BD082BECBBB2001E2990 /* filters */,
				8DF3BD0F2BECBE93001E2990 /* list */,
				8DF3BD1C2BED7A45001E2990 /* loading */,
				8DF3BD052BECBB35001E2990 /* map */,
			);
			path = View;
			sourceTree = "<group>";
		};
		8DFC72622BECAF55006E3020 /* ViewModel */ = {
			isa = PBXGroup;
			children = (
				8DF3BD1A2BED1B23001E2990 /* TripsViewModel.swift */,
				8DE0B1A72BEEC198003CA92B /* ContactFormViewModel.swift */,
			);
			path = ViewModel;
			sourceTree = "<group>";
		};
		8DFC72632BECAF60006E3020 /* Model */ = {
			isa = PBXGroup;
			children = (
				8D2008B52BECADE20043700A /* ShareTrip.xcdatamodeld */,
				8DF3BD142BECD5F8001E2990 /* Response.swift */,
				8DCBB4B92BEEE37100E425CD /* SCReport+Extension.swift */,
			);
			path = Model;
			sourceTree = "<group>";
		};
		8DFC72642BECAF64006E3020 /* Service */ = {
			isa = PBXGroup;
			children = (
				8DF3BD182BED1A56001E2990 /* Webservice.swift */,
				8DA0D7B32BF0FEE300642421 /* LocationManager.swift */,
			);
			path = Service;
			sourceTree = "<group>";
		};
		8DFC72652BECAF6B006E3020 /* Extension */ = {
			isa = PBXGroup;
			children = (
				8D14150A2EC69D8C0088233B /* UIView+Extension.swift */,
				8DF3BD012BECB931001E2990 /* Color+Extension.swift */,
				8DF3BD162BECE451001E2990 /* Date+Extension.swift */,
				8D72EA032BEE1A010000A84A /* UIImage+Extension.swift */,
			);
			path = Extension;
			sourceTree = "<group>";
		};
		8DFC72662BECAF85006E3020 /* Support */ = {
			isa = PBXGroup;
			children = (
				8DF3BD422BED9268001E2990 /* credentials.plist */,
				8D2008AE2BECADE20043700A /* Assets.xcassets */,
				8DF3BD032BECB9C5001E2990 /* Common.swift */,
				8DF3BD0D2BECBE25001E2990 /* Enums.swift */,
			);
			path = Support;
			sourceTree = "<group>";
		};
		8DFC72672BECAF8F006E3020 /* Delegate */ = {
			isa = PBXGroup;
			children = (
				8DF3BD3E2BED8F11001E2990 /* AppDelegate.swift */,
			);
			path = Delegate;
			sourceTree = "<group>";
		};
/* End PBXGroup section */

/* Begin PBXNativeTarget section */
		8D2008A62BECADE00043700A /* ShareTrip */ = {
			isa = PBXNativeTarget;
			buildConfigurationList = 8D2008D02BECADE30043700A /* Build configuration list for PBXNativeTarget "ShareTrip" */;
			buildPhases = (
				8D2008A32BECADE00043700A /* Sources */,
				8D2008A42BECADE00043700A /* Frameworks */,
				8D2008A52BECADE00043700A /* Resources */,
			);
			buildRules = (
			);
			dependencies = (
			);
			name = ShareTrip;
			packageProductDependencies = (
				8DF3BD352BED8CFE001E2990 /* GoogleMaps */,
				8DF3BD372BED8CFE001E2990 /* GoogleMapsBase */,
				8DF3BD392BED8CFE001E2990 /* GoogleMapsCore */,
				8DF3BD3C2BED8E07001E2990 /* Polyline */,
			);
			productName = ShareTrip;
			productReference = 8D2008A72BECADE00043700A /* ShareTrip.app */;
			productType = "com.apple.product-type.application";
		};
		8D2008BB2BECADE30043700A /* ShareTripTests */ = {
			isa = PBXNativeTarget;
			buildConfigurationList = 8D2008D32BECADE30043700A /* Build configuration list for PBXNativeTarget "ShareTripTests" */;
			buildPhases = (
				8D2008B82BECADE30043700A /* Sources */,
				8D2008B92BECADE30043700A /* Frameworks */,
				8D2008BA2BECADE30043700A /* Resources */,
			);
			buildRules = (
			);
			dependencies = (
				8D2008BE2BECADE30043700A /* PBXTargetDependency */,
			);
			name = ShareTripTests;
			productName = ShareTripTests;
			productReference = 8D2008BC2BECADE30043700A /* ShareTripTests.xctest */;
			productType = "com.apple.product-type.bundle.unit-test";
		};
		8D2008C52BECADE30043700A /* ShareTripUITests */ = {
			isa = PBXNativeTarget;
			buildConfigurationList = 8D2008D62BECADE30043700A /* Build configuration list for PBXNativeTarget "ShareTripUITests" */;
			buildPhases = (
				8D2008C22BECADE30043700A /* Sources */,
				8D2008C32BECADE30043700A /* Frameworks */,
				8D2008C42BECADE30043700A /* Resources */,
			);
			buildRules = (
			);
			dependencies = (
				8D2008C82BECADE30043700A /* PBXTargetDependency */,
			);
			name = ShareTripUITests;
			productName = ShareTripUITests;
			productReference = 8D2008C62BECADE30043700A /* ShareTripUITests.xctest */;
			productType = "com.apple.product-type.bundle.ui-testing";
		};
/* End PBXNativeTarget section */

/* Begin PBXProject section */
		8D20089F2BECADE00043700A /* Project object */ = {
			isa = PBXProject;
			attributes = {
				BuildIndependentTargetsInParallel = 1;
				LastSwiftUpdateCheck = 1530;
				LastUpgradeCheck = 1530;
				TargetAttributes = {
					8D2008A62BECADE00043700A = {
						CreatedOnToolsVersion = 15.3;
					};
					8D2008BB2BECADE30043700A = {
						CreatedOnToolsVersion = 15.3;
						TestTargetID = 8D2008A62BECADE00043700A;
					};
					8D2008C52BECADE30043700A = {
						CreatedOnToolsVersion = 15.3;
						TestTargetID = 8D2008A62BECADE00043700A;
					};
				};
			};
			buildConfigurationList = 8D2008A22BECADE00043700A /* Build configuration list for PBXProject "ShareTrip" */;
			compatibilityVersion = "Xcode 14.0";
			developmentRegion = en;
			hasScannedForEncodings = 0;
			knownRegions = (
				en,
				Base,
			);
			mainGroup = 8D20089E2BECADE00043700A;
			packageReferences = (
				8DF3BD342BED8CFE001E2990 /* XCRemoteSwiftPackageReference "ios-maps-sdk" */,
				8DF3BD3B2BED8E07001E2990 /* XCRemoteSwiftPackageReference "Polyline" */,
			);
			productRefGroup = 8D2008A82BECADE00043700A /* Products */;
			projectDirPath = "";
			projectRoot = "";
			targets = (
				8D2008A62BECADE00043700A /* ShareTrip */,
				8D2008BB2BECADE30043700A /* ShareTripTests */,
				8D2008C52BECADE30043700A /* ShareTripUITests */,
			);
		};
/* End PBXProject section */

/* Begin PBXResourcesBuildPhase section */
		8D2008A52BECADE00043700A /* Resources */ = {
			isa = PBXResourcesBuildPhase;
			buildActionMask = 2147483647;
			files = (
				8D2008B22BECADE20043700A /* Preview Assets.xcassets in Resources */,
				8DF3BD432BED9268001E2990 /* credentials.plist in Resources */,
				8DA32DFF2BF11FBF00029E70 /* README.md in Resources */,
				8D2008AF2BECADE20043700A /* Assets.xcassets in Resources */,
				8DF3BD412BED90F2001E2990 /* GoogleMapsPrivacy.bundle in Resources */,
			);
			runOnlyForDeploymentPostprocessing = 0;
		};
		8D2008BA2BECADE30043700A /* Resources */ = {
			isa = PBXResourcesBuildPhase;
			buildActionMask = 2147483647;
			files = (
			);
			runOnlyForDeploymentPostprocessing = 0;
		};
		8D2008C42BECADE30043700A /* Resources */ = {
			isa = PBXResourcesBuildPhase;
			buildActionMask = 2147483647;
			files = (
			);
			runOnlyForDeploymentPostprocessing = 0;
		};
/* End PBXResourcesBuildPhase section */

/* Begin PBXSourcesBuildPhase section */
		8D2008A32BECADE00043700A /* Sources */ = {
			isa = PBXSourcesBuildPhase;
			buildActionMask = 2147483647;
			files = (
				8DF3BD132BECBF2E001E2990 /* TripCellView.swift in Sources */,
				8DE0B1A82BEEC198003CA92B /* ContactFormViewModel.swift in Sources */,
				8D72EA022BEE14340000A84A /* MapBubbleView.swift in Sources */,
				8DF3BD002BECB8D1001E2990 /* HeaderView.swift in Sources */,
				8DF3BD272BED8344001E2990 /* ErrorView.swift in Sources */,
				8DF3BD072BECBB52001E2990 /* MapView.swift in Sources */,
				8DF3BD022BECB931001E2990 /* Color+Extension.swift in Sources */,
				8DF3BD112BECBEA9001E2990 /* TripsListView.swift in Sources */,
				8DF3BD172BECE451001E2990 /* Date+Extension.swift in Sources */,
				8D2008B72BECADE20043700A /* ShareTrip.xcdatamodeld in Sources */,
				8D72EA042BEE1A010000A84A /* UIImage+Extension.swift in Sources */,
				8DF3BD3F2BED8F11001E2990 /* AppDelegate.swift in Sources */,
				8DF3BD152BECD5F8001E2990 /* Response.swift in Sources */,
				8DF3BD0A2BECBBD3001E2990 /* FiltersView.swift in Sources */,
				8DE0B1AA2BEEC1AE003CA92B /* ContactFormView.swift in Sources */,
				8D2008B42BECADE20043700A /* Persistence.swift in Sources */,
				8DF3BD192BED1A56001E2990 /* Webservice.swift in Sources */,
				8DCBB4BA2BEEE37100E425CD /* SCReport+Extension.swift in Sources */,
				8D2008AD2BECADE00043700A /* ContentView.swift in Sources */,
				8DF3BD0C2BECBC0E001E2990 /* FilterButton.swift in Sources */,
				8D72EA002BEE0E550000A84A /* MapDescriptionView.swift in Sources */,
				8D2008AB2BECADE00043700A /* ShareTripApp.swift in Sources */,
				8D14150B2EC69D940088233B /* UIView+Extension.swift in Sources */,
				8DF3BD1B2BED1B23001E2990 /* TripsViewModel.swift in Sources */,
				8DF3BD042BECB9C5001E2990 /* Common.swift in Sources */,
				8DF3BD0E2BECBE25001E2990 /* Enums.swift in Sources */,
				8DF3BD1E2BED7A56001E2990 /* LoadingOverlay.swift in Sources */,
				8DA0D7B42BF0FEE300642421 /* LocationManager.swift in Sources */,
			);
			runOnlyForDeploymentPostprocessing = 0;
		};
		8D2008B82BECADE30043700A /* Sources */ = {
			isa = PBXSourcesBuildPhase;
			buildActionMask = 2147483647;
			files = (
				8D55B4712BF01C1800E5E140 /* MapDescriptionViewTests.swift in Sources */,
				8DB2583E2BF0C5A900E55F68 /* MapViewTests.swift in Sources */,
				8DB258482BF0D93900E55F68 /* MapBubbleViewTests.swift in Sources */,
				8DB258432BF0D0E900E55F68 /* SCReportTests.swift in Sources */,
				8DF3BD2F2BED8793001E2990 /* ResponseTests.swift in Sources */,
				8DB2584C2BF0DB0E00E55F68 /* ContactFormViewModelTests.swift in Sources */,
				8D55B4742BF01FF700E5E140 /* UIImageExtensionTests.swift in Sources */,
				8DF3BD2B2BED85B0001E2990 /* ColorExtensionTests.swift in Sources */,
				8DB258462BF0D86800E55F68 /* EnumTests.swift in Sources */,
				8DF3BD2D2BED8664001E2990 /* DateExtensionTests.swift in Sources */,
				8DF3BD292BED84E7001E2990 /* WebserviceTests.swift in Sources */,
				8D2008C12BECADE30043700A /* ShareTripTests.swift in Sources */,
			);
			runOnlyForDeploymentPostprocessing = 0;
		};
		8D2008C22BECADE30043700A /* Sources */ = {
			isa = PBXSourcesBuildPhase;
			buildActionMask = 2147483647;
			files = (
				8D2008CB2BECADE30043700A /* ShareTripUITests.swift in Sources */,
				8D2008CD2BECADE30043700A /* ShareTripUITestsLaunchTests.swift in Sources */,
			);
			runOnlyForDeploymentPostprocessing = 0;
		};
/* End PBXSourcesBuildPhase section */

/* Begin PBXTargetDependency section */
		8D2008BE2BECADE30043700A /* PBXTargetDependency */ = {
			isa = PBXTargetDependency;
			target = 8D2008A62BECADE00043700A /* ShareTrip */;
			targetProxy = 8D2008BD2BECADE30043700A /* PBXContainerItemProxy */;
		};
		8D2008C82BECADE30043700A /* PBXTargetDependency */ = {
			isa = PBXTargetDependency;
			target = 8D2008A62BECADE00043700A /* ShareTrip */;
			targetProxy = 8D2008C72BECADE30043700A /* PBXContainerItemProxy */;
		};
/* End PBXTargetDependency section */

/* Begin XCBuildConfiguration section */
		8D2008CE2BECADE30043700A /* Debug */ = {
			isa = XCBuildConfiguration;
			buildSettings = {
				ALWAYS_SEARCH_USER_PATHS = NO;
				ASSETCATALOG_COMPILER_GENERATE_SWIFT_ASSET_SYMBOL_EXTENSIONS = YES;
				CLANG_ANALYZER_NONNULL = YES;
				CLANG_ANALYZER_NUMBER_OBJECT_CONVERSION = YES_AGGRESSIVE;
				CLANG_CXX_LANGUAGE_STANDARD = "gnu++20";
				CLANG_ENABLE_MODULES = YES;
				CLANG_ENABLE_OBJC_ARC = YES;
				CLANG_ENABLE_OBJC_WEAK = YES;
				CLANG_WARN_BLOCK_CAPTURE_AUTORELEASING = YES;
				CLANG_WARN_BOOL_CONVERSION = YES;
				CLANG_WARN_COMMA = YES;
				CLANG_WARN_CONSTANT_CONVERSION = YES;
				CLANG_WARN_DEPRECATED_OBJC_IMPLEMENTATIONS = YES;
				CLANG_WARN_DIRECT_OBJC_ISA_USAGE = YES_ERROR;
				CLANG_WARN_DOCUMENTATION_COMMENTS = YES;
				CLANG_WARN_EMPTY_BODY = YES;
				CLANG_WARN_ENUM_CONVERSION = YES;
				CLANG_WARN_INFINITE_RECURSION = YES;
				CLANG_WARN_INT_CONVERSION = YES;
				CLANG_WARN_NON_LITERAL_NULL_CONVERSION = YES;
				CLANG_WARN_OBJC_IMPLICIT_RETAIN_SELF = YES;
				CLANG_WARN_OBJC_LITERAL_CONVERSION = YES;
				CLANG_WARN_OBJC_ROOT_CLASS = YES_ERROR;
				CLANG_WARN_QUOTED_INCLUDE_IN_FRAMEWORK_HEADER = YES;
				CLANG_WARN_RANGE_LOOP_ANALYSIS = YES;
				CLANG_WARN_STRICT_PROTOTYPES = YES;
				CLANG_WARN_SUSPICIOUS_MOVE = YES;
				CLANG_WARN_UNGUARDED_AVAILABILITY = YES_AGGRESSIVE;
				CLANG_WARN_UNREACHABLE_CODE = YES;
				CLANG_WARN__DUPLICATE_METHOD_MATCH = YES;
				COPY_PHASE_STRIP = NO;
				DEBUG_INFORMATION_FORMAT = dwarf;
				ENABLE_STRICT_OBJC_MSGSEND = YES;
				ENABLE_TESTABILITY = YES;
				ENABLE_USER_SCRIPT_SANDBOXING = YES;
				GCC_C_LANGUAGE_STANDARD = gnu17;
				GCC_DYNAMIC_NO_PIC = NO;
				GCC_NO_COMMON_BLOCKS = YES;
				GCC_OPTIMIZATION_LEVEL = 0;
				GCC_PREPROCESSOR_DEFINITIONS = (
					"DEBUG=1",
					"$(inherited)",
				);
				GCC_WARN_64_TO_32_BIT_CONVERSION = YES;
				GCC_WARN_ABOUT_RETURN_TYPE = YES_ERROR;
				GCC_WARN_UNDECLARED_SELECTOR = YES;
				GCC_WARN_UNINITIALIZED_AUTOS = YES_AGGRESSIVE;
				GCC_WARN_UNUSED_FUNCTION = YES;
				GCC_WARN_UNUSED_VARIABLE = YES;
				IPHONEOS_DEPLOYMENT_TARGET = 17.4;
				LOCALIZATION_PREFERS_STRING_CATALOGS = YES;
				MTL_ENABLE_DEBUG_INFO = INCLUDE_SOURCE;
				MTL_FAST_MATH = YES;
				ONLY_ACTIVE_ARCH = YES;
				SDKROOT = iphoneos;
				SWIFT_ACTIVE_COMPILATION_CONDITIONS = "DEBUG $(inherited)";
				SWIFT_OPTIMIZATION_LEVEL = "-Onone";
			};
			name = Debug;
		};
		8D2008CF2BECADE30043700A /* Release */ = {
			isa = XCBuildConfiguration;
			buildSettings = {
				ALWAYS_SEARCH_USER_PATHS = NO;
				ASSETCATALOG_COMPILER_GENERATE_SWIFT_ASSET_SYMBOL_EXTENSIONS = YES;
				CLANG_ANALYZER_NONNULL = YES;
				CLANG_ANALYZER_NUMBER_OBJECT_CONVERSION = YES_AGGRESSIVE;
				CLANG_CXX_LANGUAGE_STANDARD = "gnu++20";
				CLANG_ENABLE_MODULES = YES;
				CLANG_ENABLE_OBJC_ARC = YES;
				CLANG_ENABLE_OBJC_WEAK = YES;
				CLANG_WARN_BLOCK_CAPTURE_AUTORELEASING = YES;
				CLANG_WARN_BOOL_CONVERSION = YES;
				CLANG_WARN_COMMA = YES;
				CLANG_WARN_CONSTANT_CONVERSION = YES;
				CLANG_WARN_DEPRECATED_OBJC_IMPLEMENTATIONS = YES;
				CLANG_WARN_DIRECT_OBJC_ISA_USAGE = YES_ERROR;
				CLANG_WARN_DOCUMENTATION_COMMENTS = YES;
				CLANG_WARN_EMPTY_BODY = YES;
				CLANG_WARN_ENUM_CONVERSION = YES;
				CLANG_WARN_INFINITE_RECURSION = YES;
				CLANG_WARN_INT_CONVERSION = YES;
				CLANG_WARN_NON_LITERAL_NULL_CONVERSION = YES;
				CLANG_WARN_OBJC_IMPLICIT_RETAIN_SELF = YES;
				CLANG_WARN_OBJC_LITERAL_CONVERSION = YES;
				CLANG_WARN_OBJC_ROOT_CLASS = YES_ERROR;
				CLANG_WARN_QUOTED_INCLUDE_IN_FRAMEWORK_HEADER = YES;
				CLANG_WARN_RANGE_LOOP_ANALYSIS = YES;
				CLANG_WARN_STRICT_PROTOTYPES = YES;
				CLANG_WARN_SUSPICIOUS_MOVE = YES;
				CLANG_WARN_UNGUARDED_AVAILABILITY = YES_AGGRESSIVE;
				CLANG_WARN_UNREACHABLE_CODE = YES;
				CLANG_WARN__DUPLICATE_METHOD_MATCH = YES;
				COPY_PHASE_STRIP = NO;
				DEBUG_INFORMATION_FORMAT = "dwarf-with-dsym";
				ENABLE_NS_ASSERTIONS = NO;
				ENABLE_STRICT_OBJC_MSGSEND = YES;
				ENABLE_USER_SCRIPT_SANDBOXING = YES;
				GCC_C_LANGUAGE_STANDARD = gnu17;
				GCC_NO_COMMON_BLOCKS = YES;
				GCC_WARN_64_TO_32_BIT_CONVERSION = YES;
				GCC_WARN_ABOUT_RETURN_TYPE = YES_ERROR;
				GCC_WARN_UNDECLARED_SELECTOR = YES;
				GCC_WARN_UNINITIALIZED_AUTOS = YES_AGGRESSIVE;
				GCC_WARN_UNUSED_FUNCTION = YES;
				GCC_WARN_UNUSED_VARIABLE = YES;
				IPHONEOS_DEPLOYMENT_TARGET = 17.4;
				LOCALIZATION_PREFERS_STRING_CATALOGS = YES;
				MTL_ENABLE_DEBUG_INFO = NO;
				MTL_FAST_MATH = YES;
				SDKROOT = iphoneos;
				SWIFT_COMPILATION_MODE = wholemodule;
				VALIDATE_PRODUCT = YES;
			};
			name = Release;
		};
		8D2008D12BECADE30043700A /* Debug */ = {
			isa = XCBuildConfiguration;
			buildSettings = {
				ASSETCATALOG_COMPILER_APPICON_NAME = AppIcon;
				ASSETCATALOG_COMPILER_GLOBAL_ACCENT_COLOR_NAME = AccentColor;
				CODE_SIGN_STYLE = Automatic;
				CURRENT_PROJECT_VERSION = 1;
				DEVELOPMENT_ASSET_PATHS = "\"ShareTrip/Preview Content\"";
				DEVELOPMENT_TEAM = 68439V4T7E;
				ENABLE_PREVIEWS = YES;
				GENERATE_INFOPLIST_FILE = YES;
				INFOPLIST_FILE = ShareTrip/Info.plist;
				INFOPLIST_KEY_LSApplicationCategoryType = "public.app-category.travel";
				INFOPLIST_KEY_UIApplicationSceneManifest_Generation = YES;
				INFOPLIST_KEY_UIApplicationSupportsIndirectInputEvents = YES;
				INFOPLIST_KEY_UISupportedInterfaceOrientations = "UIInterfaceOrientationPortrait UIInterfaceOrientationPortraitUpsideDown";
				LD_RUNPATH_SEARCH_PATHS = (
					"$(inherited)",
					"@executable_path/Frameworks",
				);
				MARKETING_VERSION = 1.0;
				PRODUCT_BUNDLE_IDENTIFIER = SEATCode.ShareTrip;
				PRODUCT_NAME = "$(TARGET_NAME)";
				SWIFT_EMIT_LOC_STRINGS = YES;
				SWIFT_VERSION = 5.0;
				TARGETED_DEVICE_FAMILY = "1,2";
			};
			name = Debug;
		};
		8D2008D22BECADE30043700A /* Release */ = {
			isa = XCBuildConfiguration;
			buildSettings = {
				ASSETCATALOG_COMPILER_APPICON_NAME = AppIcon;
				ASSETCATALOG_COMPILER_GLOBAL_ACCENT_COLOR_NAME = AccentColor;
				CODE_SIGN_STYLE = Automatic;
				CURRENT_PROJECT_VERSION = 1;
				DEVELOPMENT_ASSET_PATHS = "\"ShareTrip/Preview Content\"";
				DEVELOPMENT_TEAM = 68439V4T7E;
				ENABLE_PREVIEWS = YES;
				GENERATE_INFOPLIST_FILE = YES;
				INFOPLIST_FILE = ShareTrip/Info.plist;
				INFOPLIST_KEY_LSApplicationCategoryType = "public.app-category.travel";
				INFOPLIST_KEY_UIApplicationSceneManifest_Generation = YES;
				INFOPLIST_KEY_UIApplicationSupportsIndirectInputEvents = YES;
				INFOPLIST_KEY_UISupportedInterfaceOrientations = "UIInterfaceOrientationPortrait UIInterfaceOrientationPortraitUpsideDown";
				LD_RUNPATH_SEARCH_PATHS = (
					"$(inherited)",
					"@executable_path/Frameworks",
				);
				MARKETING_VERSION = 1.0;
				PRODUCT_BUNDLE_IDENTIFIER = SEATCode.ShareTrip;
				PRODUCT_NAME = "$(TARGET_NAME)";
				SWIFT_EMIT_LOC_STRINGS = YES;
				SWIFT_VERSION = 5.0;
				TARGETED_DEVICE_FAMILY = "1,2";
			};
			name = Release;
		};
		8D2008D42BECADE30043700A /* Debug */ = {
			isa = XCBuildConfiguration;
			buildSettings = {
				ALWAYS_EMBED_SWIFT_STANDARD_LIBRARIES = YES;
				BUNDLE_LOADER = "$(TEST_HOST)";
				CODE_SIGN_STYLE = Automatic;
				CURRENT_PROJECT_VERSION = 1;
				DEVELOPMENT_TEAM = 68439V4T7E;
				GENERATE_INFOPLIST_FILE = YES;
				IPHONEOS_DEPLOYMENT_TARGET = 17.4;
				MARKETING_VERSION = 1.0;
				PRODUCT_BUNDLE_IDENTIFIER = SEATCode.ShareTripTests;
				PRODUCT_NAME = "$(TARGET_NAME)";
				SWIFT_EMIT_LOC_STRINGS = NO;
				SWIFT_VERSION = 5.0;
				TARGETED_DEVICE_FAMILY = "1,2";
				TEST_HOST = "$(BUILT_PRODUCTS_DIR)/ShareTrip.app/$(BUNDLE_EXECUTABLE_FOLDER_PATH)/ShareTrip";
			};
			name = Debug;
		};
		8D2008D52BECADE30043700A /* Release */ = {
			isa = XCBuildConfiguration;
			buildSettings = {
				ALWAYS_EMBED_SWIFT_STANDARD_LIBRARIES = YES;
				BUNDLE_LOADER = "$(TEST_HOST)";
				CODE_SIGN_STYLE = Automatic;
				CURRENT_PROJECT_VERSION = 1;
				DEVELOPMENT_TEAM = 68439V4T7E;
				GENERATE_INFOPLIST_FILE = YES;
				IPHONEOS_DEPLOYMENT_TARGET = 17.4;
				MARKETING_VERSION = 1.0;
				PRODUCT_BUNDLE_IDENTIFIER = SEATCode.ShareTripTests;
				PRODUCT_NAME = "$(TARGET_NAME)";
				SWIFT_EMIT_LOC_STRINGS = NO;
				SWIFT_VERSION = 5.0;
				TARGETED_DEVICE_FAMILY = "1,2";
				TEST_HOST = "$(BUILT_PRODUCTS_DIR)/ShareTrip.app/$(BUNDLE_EXECUTABLE_FOLDER_PATH)/ShareTrip";
			};
			name = Release;
		};
		8D2008D72BECADE30043700A /* Debug */ = {
			isa = XCBuildConfiguration;
			buildSettings = {
				ALWAYS_EMBED_SWIFT_STANDARD_LIBRARIES = YES;
				CODE_SIGN_STYLE = Automatic;
				CURRENT_PROJECT_VERSION = 1;
				DEVELOPMENT_TEAM = 68439V4T7E;
				GENERATE_INFOPLIST_FILE = YES;
				MARKETING_VERSION = 1.0;
				PRODUCT_BUNDLE_IDENTIFIER = SEATCode.ShareTripUITests;
				PRODUCT_NAME = "$(TARGET_NAME)";
				SWIFT_EMIT_LOC_STRINGS = NO;
				SWIFT_VERSION = 5.0;
				TARGETED_DEVICE_FAMILY = "1,2";
				TEST_TARGET_NAME = ShareTrip;
			};
			name = Debug;
		};
		8D2008D82BECADE30043700A /* Release */ = {
			isa = XCBuildConfiguration;
			buildSettings = {
				ALWAYS_EMBED_SWIFT_STANDARD_LIBRARIES = YES;
				CODE_SIGN_STYLE = Automatic;
				CURRENT_PROJECT_VERSION = 1;
				DEVELOPMENT_TEAM = 68439V4T7E;
				GENERATE_INFOPLIST_FILE = YES;
				MARKETING_VERSION = 1.0;
				PRODUCT_BUNDLE_IDENTIFIER = SEATCode.ShareTripUITests;
				PRODUCT_NAME = "$(TARGET_NAME)";
				SWIFT_EMIT_LOC_STRINGS = NO;
				SWIFT_VERSION = 5.0;
				TARGETED_DEVICE_FAMILY = "1,2";
				TEST_TARGET_NAME = ShareTrip;
			};
			name = Release;
		};
/* End XCBuildConfiguration section */

/* Begin XCConfigurationList section */
		8D2008A22BECADE00043700A /* Build configuration list for PBXProject "ShareTrip" */ = {
			isa = XCConfigurationList;
			buildConfigurations = (
				8D2008CE2BECADE30043700A /* Debug */,
				8D2008CF2BECADE30043700A /* Release */,
			);
			defaultConfigurationIsVisible = 0;
			defaultConfigurationName = Release;
		};
		8D2008D02BECADE30043700A /* Build configuration list for PBXNativeTarget "ShareTrip" */ = {
			isa = XCConfigurationList;
			buildConfigurations = (
				8D2008D12BECADE30043700A /* Debug */,
				8D2008D22BECADE30043700A /* Release */,
			);
			defaultConfigurationIsVisible = 0;
			defaultConfigurationName = Release;
		};
		8D2008D32BECADE30043700A /* Build configuration list for PBXNativeTarget "ShareTripTests" */ = {
			isa = XCConfigurationList;
			buildConfigurations = (
				8D2008D42BECADE30043700A /* Debug */,
				8D2008D52BECADE30043700A /* Release */,
			);
			defaultConfigurationIsVisible = 0;
			defaultConfigurationName = Release;
		};
		8D2008D62BECADE30043700A /* Build configuration list for PBXNativeTarget "ShareTripUITests" */ = {
			isa = XCConfigurationList;
			buildConfigurations = (
				8D2008D72BECADE30043700A /* Debug */,
				8D2008D82BECADE30043700A /* Release */,
			);
			defaultConfigurationIsVisible = 0;
			defaultConfigurationName = Release;
		};
/* End XCConfigurationList section */

/* Begin XCRemoteSwiftPackageReference section */
		8DF3BD342BED8CFE001E2990 /* XCRemoteSwiftPackageReference "ios-maps-sdk" */ = {
			isa = XCRemoteSwiftPackageReference;
			repositoryURL = "https://github.com/googlemaps/ios-maps-sdk";
			requirement = {
				kind = upToNextMajorVersion;
				minimumVersion = 8.4.0;
			};
		};
		8DF3BD3B2BED8E07001E2990 /* XCRemoteSwiftPackageReference "Polyline" */ = {
			isa = XCRemoteSwiftPackageReference;
			repositoryURL = "https://github.com/raphaelmor/Polyline.git";
			requirement = {
				branch = master;
				kind = branch;
			};
		};
/* End XCRemoteSwiftPackageReference section */

/* Begin XCSwiftPackageProductDependency section */
		8DF3BD352BED8CFE001E2990 /* GoogleMaps */ = {
			isa = XCSwiftPackageProductDependency;
			package = 8DF3BD342BED8CFE001E2990 /* XCRemoteSwiftPackageReference "ios-maps-sdk" */;
			productName = GoogleMaps;
		};
		8DF3BD372BED8CFE001E2990 /* GoogleMapsBase */ = {
			isa = XCSwiftPackageProductDependency;
			package = 8DF3BD342BED8CFE001E2990 /* XCRemoteSwiftPackageReference "ios-maps-sdk" */;
			productName = GoogleMapsBase;
		};
		8DF3BD392BED8CFE001E2990 /* GoogleMapsCore */ = {
			isa = XCSwiftPackageProductDependency;
			package = 8DF3BD342BED8CFE001E2990 /* XCRemoteSwiftPackageReference "ios-maps-sdk" */;
			productName = GoogleMapsCore;
		};
		8DF3BD3C2BED8E07001E2990 /* Polyline */ = {
			isa = XCSwiftPackageProductDependency;
			package = 8DF3BD3B2BED8E07001E2990 /* XCRemoteSwiftPackageReference "Polyline" */;
			productName = Polyline;
		};
/* End XCSwiftPackageProductDependency section */

/* Begin XCVersionGroup section */
		8D2008B52BECADE20043700A /* ShareTrip.xcdatamodeld */ = {
			isa = XCVersionGroup;
			children = (
				8D2008B62BECADE20043700A /* ShareTrip.xcdatamodel */,
			);
			currentVersion = 8D2008B62BECADE20043700A /* ShareTrip.xcdatamodel */;
			path = ShareTrip.xcdatamodeld;
			sourceTree = "<group>";
			versionGroupType = wrapper.xcdatamodel;
		};
/* End XCVersionGroup section */
	};
	rootObject = 8D20089F2BECADE00043700A /* Project object */;
}
