// !$*UTF8*$!
{
	archiveVersion = 1;
	classes = {
	};
	objectVersion = 56;
	objects = {

/* Begin PBXBuildFile section */
		8D2008AB2BECADE00043700A /* ShareTripApp.swift in Sources */ = {isa = PBXBuildFile; fileRef = 8D2008AA2BECADE00043700A /* ShareTripApp.swift */; };
		8D2008AD2BECADE00043700A /* ContentView.swift in Sources */ = {isa = PBXBuildFile; fileRef = 8D2008AC2BECADE00043700A /* ContentView.swift */; };
		8D2008AF2BECADE20043700A /* Assets.xcassets in Resources */ = {isa = PBXBuildFile; fileRef = 8D2008AE2BECADE20043700A /* Assets.xcassets */; };
		8D2008B22BECADE20043700A /* Preview Assets.xcassets in Resources */ = {isa = PBXBuildFile; fileRef = 8D2008B12BECADE20043700A /* Preview Assets.xcassets */; };
		8D2008B42BECADE20043700A /* Persistence.swift in Sources */ = {isa = PBXBuildFile; fileRef = 8D2008B32BECADE20043700A /* Persistence.swift */; };
		8D2008B72BECADE20043700A /* ShareTrip.xcdatamodeld in Sources */ = {isa = PBXBuildFile; fileRef = 8D2008B52BECADE20043700A /* ShareTrip.xcdatamodeld */; };
		8D2008C12BECADE30043700A /* ShareTripTests.swift in Sources */ = {isa = PBXBuildFile; fileRef = 8D2008C02BECADE30043700A /* ShareTripTests.swift */; };
		8D2008CB2BECADE30043700A /* ShareTripUITests.swift in Sources */ = {isa = PBXBuildFile; fileRef = 8D2008CA2BECADE30043700A /* ShareTripUITests.swift */; };
		8D2008CD2BECADE30043700A /* ShareTripUITestsLaunchTests.swift in Sources */ = {isa = PBXBuildFile; fileRef = 8D2008CC2BECADE30043700A /* ShareTripUITestsLaunchTests.swift */; };
/* End PBXBuildFile section */

/* Begin PBXContainerItemProxy section */
		8D2008BD2BECADE30043700A /* PBXContainerItemProxy */ = {
			isa = PBXContainerItemProxy;
			containerPortal = 8D20089F2BECADE00043700A /* Project object */;
			proxyType = 1;
			remoteGlobalIDString = 8D2008A62BECADE00043700A;
			remoteInfo = ShareTrip;
		};
		8D2008C72BECADE30043700A /* PBXContainerItemProxy */ = {
			isa = PBXContainerItemProxy;
			containerPortal = 8D20089F2BECADE00043700A /* Project object */;
			proxyType = 1;
			remoteGlobalIDString = 8D2008A62BECADE00043700A;
			remoteInfo = ShareTrip;
		};
/* End PBXContainerItemProxy section */

/* Begin PBXFileReference section */
		8D2008A72BECADE00043700A /* ShareTrip.app */ = {isa = PBXFileReference; explicitFileType = wrapper.application; includeInIndex = 0; path = ShareTrip.app; sourceTree = BUILT_PRODUCTS_DIR; };
		8D2008AA2BECADE00043700A /* ShareTripApp.swift */ = {isa = PBXFileReference; lastKnownFileType = sourcecode.swift; path = ShareTripApp.swift; sourceTree = "<group>"; };
		8D2008AC2BECADE00043700A /* ContentView.swift */ = {isa = PBXFileReference; lastKnownFileType = sourcecode.swift; path = ContentView.swift; sourceTree = "<group>"; };
		8D2008AE2BECADE20043700A /* Assets.xcassets */ = {isa = PBXFileReference; lastKnownFileType = folder.assetcatalog; path = Assets.xcassets; sourceTree = "<group>"; };
		8D2008B12BECADE20043700A /* Preview Assets.xcassets */ = {isa = PBXFileReference; lastKnownFileType = folder.assetcatalog; path = "Preview Assets.xcassets"; sourceTree = "<group>"; };
		8D2008B32BECADE20043700A /* Persistence.swift */ = {isa = PBXFileReference; lastKnownFileType = sourcecode.swift; path = Persistence.swift; sourceTree = "<group>"; };
		8D2008B62BECADE20043700A /* ShareTrip.xcdatamodel */ = {isa = PBXFileReference; lastKnownFileType = wrapper.xcdatamodel; path = ShareTrip.xcdatamodel; sourceTree = "<group>"; };
		8D2008BC2BECADE30043700A /* ShareTripTests.xctest */ = {isa = PBXFileReference; explicitFileType = wrapper.cfbundle; includeInIndex = 0; path = ShareTripTests.xctest; sourceTree = BUILT_PRODUCTS_DIR; };
		8D2008C02BECADE30043700A /* ShareTripTests.swift */ = {isa = PBXFileReference; lastKnownFileType = sourcecode.swift; path = ShareTripTests.swift; sourceTree = "<group>"; };
		8D2008C62BECADE30043700A /* ShareTripUITests.xctest */ = {isa = PBXFileReference; explicitFileType = wrapper.cfbundle; includeInIndex = 0; path = ShareTripUITests.xctest; sourceTree = BUILT_PRODUCTS_DIR; };
		8D2008CA2BECADE30043700A /* ShareTripUITests.swift */ = {isa = PBXFileReference; lastKnownFileType = sourcecode.swift; path = ShareTripUITests.swift; sourceTree = "<group>"; };
		8D2008CC2BECADE30043700A /* ShareTripUITestsLaunchTests.swift */ = {isa = PBXFileReference; lastKnownFileType = sourcecode.swift; path = ShareTripUITestsLaunchTests.swift; sourceTree = "<group>"; };
/* End PBXFileReference section */

/* Begin PBXFrameworksBuildPhase section */
		8D2008A42BECADE00043700A /* Frameworks */ = {
			isa = PBXFrameworksBuildPhase;
			buildActionMask = 2147483647;
			files = (
			);
			runOnlyForDeploymentPostprocessing = 0;
		};
		8D2008B92BECADE30043700A /* Frameworks */ = {
			isa = PBXFrameworksBuildPhase;
			buildActionMask = 2147483647;
			files = (
			);
			runOnlyForDeploymentPostprocessing = 0;
		};
		8D2008C32BECADE30043700A /* Frameworks */ = {
			isa = PBXFrameworksBuildPhase;
			buildActionMask = 2147483647;
			files = (
			);
			runOnlyForDeploymentPostprocessing = 0;
		};
/* End PBXFrameworksBuildPhase section */

/* Begin PBXGroup section */
		8D20089E2BECADE00043700A = {
			isa = PBXGroup;
			children = (
				8D2008A92BECADE00043700A /* ShareTrip */,
				8D2008BF2BECADE30043700A /* ShareTripTests */,
				8D2008C92BECADE30043700A /* ShareTripUITests */,
				8D2008A82BECADE00043700A /* Products */,
			);
			sourceTree = "<group>";
		};
		8D2008A82BECADE00043700A /* Products */ = {
			isa = PBXGroup;
			children = (
				8D2008A72BECADE00043700A /* ShareTrip.app */,
				8D2008BC2BECADE30043700A /* ShareTripTests.xctest */,
				8D2008C62BECADE30043700A /* ShareTripUITests.xctest */,
			);
			name = Products;
			sourceTree = "<group>";
		};
		8D2008A92BECADE00043700A /* ShareTrip */ = {
			isa = PBXGroup;
			children = (
				8D2008AA2BECADE00043700A /* ShareTripApp.swift */,
				8D2008AC2BECADE00043700A /* ContentView.swift */,
				8D2008AE2BECADE20043700A /* Assets.xcassets */,
				8D2008B32BECADE20043700A /* Persistence.swift */,
				8D2008B52BECADE20043700A /* ShareTrip.xcdatamodeld */,
				8D2008B02BECADE20043700A /* Preview Content */,
			);
			path = ShareTrip;
			sourceTree = "<group>";
		};
		8D2008B02BECADE20043700A /* Preview Content */ = {
			isa = PBXGroup;
			children = (
				8D2008B12BECADE20043700A /* Preview Assets.xcassets */,
			);
			path = "Preview Content";
			sourceTree = "<group>";
		};
		8D2008BF2BECADE30043700A /* ShareTripTests */ = {
			isa = PBXGroup;
			children = (
				8D2008C02BECADE30043700A /* ShareTripTests.swift */,
			);
			path = ShareTripTests;
			sourceTree = "<group>";
		};
		8D2008C92BECADE30043700A /* ShareTripUITests */ = {
			isa = PBXGroup;
			children = (
				8D2008CA2BECADE30043700A /* ShareTripUITests.swift */,
				8D2008CC2BECADE30043700A /* ShareTripUITestsLaunchTests.swift */,
			);
			path = ShareTripUITests;
			sourceTree = "<group>";
		};
/* End PBXGroup section */

/* Begin PBXNativeTarget section */
		8D2008A62BECADE00043700A /* ShareTrip */ = {
			isa = PBXNativeTarget;
			buildConfigurationList = 8D2008D02BECADE30043700A /* Build configuration list for PBXNativeTarget "ShareTrip" */;
			buildPhases = (
				8D2008A32BECADE00043700A /* Sources */,
				8D2008A42BECADE00043700A /* Frameworks */,
				8D2008A52BECADE00043700A /* Resources */,
			);
			buildRules = (
			);
			dependencies = (
			);
			name = ShareTrip;
			productName = ShareTrip;
			productReference = 8D2008A72BECADE00043700A /* ShareTrip.app */;
			productType = "com.apple.product-type.application";
		};
		8D2008BB2BECADE30043700A /* ShareTripTests */ = {
			isa = PBXNativeTarget;
			buildConfigurationList = 8D2008D32BECADE30043700A /* Build configuration list for PBXNativeTarget "ShareTripTests" */;
			buildPhases = (
				8D2008B82BECADE30043700A /* Sources */,
				8D2008B92BECADE30043700A /* Frameworks */,
				8D2008BA2BECADE30043700A /* Resources */,
			);
			buildRules = (
			);
			dependencies = (
				8D2008BE2BECADE30043700A /* PBXTargetDependency */,
			);
			name = ShareTripTests;
			productName = ShareTripTests;
			productReference = 8D2008BC2BECADE30043700A /* ShareTripTests.xctest */;
			productType = "com.apple.product-type.bundle.unit-test";
		};
		8D2008C52BECADE30043700A /* ShareTripUITests */ = {
			isa = PBXNativeTarget;
			buildConfigurationList = 8D2008D62BECADE30043700A /* Build configuration list for PBXNativeTarget "ShareTripUITests" */;
			buildPhases = (
				8D2008C22BECADE30043700A /* Sources */,
				8D2008C32BECADE30043700A /* Frameworks */,
				8D2008C42BECADE30043700A /* Resources */,
			);
			buildRules = (
			);
			dependencies = (
				8D2008C82BECADE30043700A /* PBXTargetDependency */,
			);
			name = ShareTripUITests;
			productName = ShareTripUITests;
			productReference = 8D2008C62BECADE30043700A /* ShareTripUITests.xctest */;
			productType = "com.apple.product-type.bundle.ui-testing";
		};
/* End PBXNativeTarget section */

/* Begin PBXProject section */
		8D20089F2BECADE00043700A /* Project object */ = {
			isa = PBXProject;
			attributes = {
				BuildIndependentTargetsInParallel = 1;
				LastSwiftUpdateCheck = 1530;
				LastUpgradeCheck = 1530;
				TargetAttributes = {
					8D2008A62BECADE00043700A = {
						CreatedOnToolsVersion = 15.3;
					};
					8D2008BB2BECADE30043700A = {
						CreatedOnToolsVersion = 15.3;
						TestTargetID = 8D2008A62BECADE00043700A;
					};
					8D2008C52BECADE30043700A = {
						CreatedOnToolsVersion = 15.3;
						TestTargetID = 8D2008A62BECADE00043700A;
					};
				};
			};
			buildConfigurationList = 8D2008A22BECADE00043700A /* Build configuration list for PBXProject "ShareTrip" */;
			compatibilityVersion = "Xcode 14.0";
			developmentRegion = en;
			hasScannedForEncodings = 0;
			knownRegions = (
				en,
				Base,
			);
			mainGroup = 8D20089E2BECADE00043700A;
			productRefGroup = 8D2008A82BECADE00043700A /* Products */;
			projectDirPath = "";
			projectRoot = "";
			targets = (
				8D2008A62BECADE00043700A /* ShareTrip */,
				8D2008BB2BECADE30043700A /* ShareTripTests */,
				8D2008C52BECADE30043700A /* ShareTripUITests */,
			);
		};
/* End PBXProject section */

/* Begin PBXResourcesBuildPhase section */
		8D2008A52BECADE00043700A /* Resources */ = {
			isa = PBXResourcesBuildPhase;
			buildActionMask = 2147483647;
			files = (
				8D2008B22BECADE20043700A /* Preview Assets.xcassets in Resources */,
				8D2008AF2BECADE20043700A /* Assets.xcassets in Resources */,
			);
			runOnlyForDeploymentPostprocessing = 0;
		};
		8D2008BA2BECADE30043700A /* Resources */ = {
			isa = PBXResourcesBuildPhase;
			buildActionMask = 2147483647;
			files = (
			);
			runOnlyForDeploymentPostprocessing = 0;
		};
		8D2008C42BECADE30043700A /* Resources */ = {
			isa = PBXResourcesBuildPhase;
			buildActionMask = 2147483647;
			files = (
			);
			runOnlyForDeploymentPostprocessing = 0;
		};
/* End PBXResourcesBuildPhase section */

/* Begin PBXSourcesBuildPhase section */
		8D2008A32BECADE00043700A /* Sources */ = {
			isa = PBXSourcesBuildPhase;
			buildActionMask = 2147483647;
			files = (
				8D2008B72BECADE20043700A /* ShareTrip.xcdatamodeld in Sources */,
				8D2008B42BECADE20043700A /* Persistence.swift in Sources */,
				8D2008AD2BECADE00043700A /* ContentView.swift in Sources */,
				8D2008AB2BECADE00043700A /* ShareTripApp.swift in Sources */,
			);
			runOnlyForDeploymentPostprocessing = 0;
		};
		8D2008B82BECADE30043700A /* Sources */ = {
			isa = PBXSourcesBuildPhase;
			buildActionMask = 2147483647;
			files = (
				8D2008C12BECADE30043700A /* ShareTripTests.swift in Sources */,
			);
			runOnlyForDeploymentPostprocessing = 0;
		};
		8D2008C22BECADE30043700A /* Sources */ = {
			isa = PBXSourcesBuildPhase;
			buildActionMask = 2147483647;
			files = (
				8D2008CB2BECADE30043700A /* ShareTripUITests.swift in Sources */,
				8D2008CD2BECADE30043700A /* ShareTripUITestsLaunchTests.swift in Sources */,
			);
			runOnlyForDeploymentPostprocessing = 0;
		};
/* End PBXSourcesBuildPhase section */

/* Begin PBXTargetDependency section */
		8D2008BE2BECADE30043700A /* PBXTargetDependency */ = {
			isa = PBXTargetDependency;
			target = 8D2008A62BECADE00043700A /* ShareTrip */;
			targetProxy = 8D2008BD2BECADE30043700A /* PBXContainerItemProxy */;
		};
		8D2008C82BECADE30043700A /* PBXTargetDependency */ = {
			isa = PBXTargetDependency;
			target = 8D2008A62BECADE00043700A /* ShareTrip */;
			targetProxy = 8D2008C72BECADE30043700A /* PBXContainerItemProxy */;
		};
/* End PBXTargetDependency section */

/* Begin XCBuildConfiguration section */
		8D2008CE2BECADE30043700A /* Debug */ = {
			isa = XCBuildConfiguration;
			buildSettings = {
				ALWAYS_SEARCH_USER_PATHS = NO;
				ASSETCATALOG_COMPILER_GENERATE_SWIFT_ASSET_SYMBOL_EXTENSIONS = YES;
				CLANG_ANALYZER_NONNULL = YES;
				CLANG_ANALYZER_NUMBER_OBJECT_CONVERSION = YES_AGGRESSIVE;
				CLANG_CXX_LANGUAGE_STANDARD = "gnu++20";
				CLANG_ENABLE_MODULES = YES;
				CLANG_ENABLE_OBJC_ARC = YES;
				CLANG_ENABLE_OBJC_WEAK = YES;
				CLANG_WARN_BLOCK_CAPTURE_AUTORELEASING = YES;
				CLANG_WARN_BOOL_CONVERSION = YES;
				CLANG_WARN_COMMA = YES;
				CLANG_WARN_CONSTANT_CONVERSION = YES;
				CLANG_WARN_DEPRECATED_OBJC_IMPLEMENTATIONS = YES;
				CLANG_WARN_DIRECT_OBJC_ISA_USAGE = YES_ERROR;
				CLANG_WARN_DOCUMENTATION_COMMENTS = YES;
				CLANG_WARN_EMPTY_BODY = YES;
				CLANG_WARN_ENUM_CONVERSION = YES;
				CLANG_WARN_INFINITE_RECURSION = YES;
				CLANG_WARN_INT_CONVERSION = YES;
				CLANG_WARN_NON_LITERAL_NULL_CONVERSION = YES;
				CLANG_WARN_OBJC_IMPLICIT_RETAIN_SELF = YES;
				CLANG_WARN_OBJC_LITERAL_CONVERSION = YES;
				CLANG_WARN_OBJC_ROOT_CLASS = YES_ERROR;
				CLANG_WARN_QUOTED_INCLUDE_IN_FRAMEWORK_HEADER = YES;
				CLANG_WARN_RANGE_LOOP_ANALYSIS = YES;
				CLANG_WARN_STRICT_PROTOTYPES = YES;
				CLANG_WARN_SUSPICIOUS_MOVE = YES;
				CLANG_WARN_UNGUARDED_AVAILABILITY = YES_AGGRESSIVE;
				CLANG_WARN_UNREACHABLE_CODE = YES;
				CLANG_WARN__DUPLICATE_METHOD_MATCH = YES;
				COPY_PHASE_STRIP = NO;
				DEBUG_INFORMATION_FORMAT = dwarf;
				ENABLE_STRICT_OBJC_MSGSEND = YES;
				ENABLE_TESTABILITY = YES;
				ENABLE_USER_SCRIPT_SANDBOXING = YES;
				GCC_C_LANGUAGE_STANDARD = gnu17;
				GCC_DYNAMIC_NO_PIC = NO;
				GCC_NO_COMMON_BLOCKS = YES;
				GCC_OPTIMIZATION_LEVEL = 0;
				GCC_PREPROCESSOR_DEFINITIONS = (
					"DEBUG=1",
					"$(inherited)",
				);
				GCC_WARN_64_TO_32_BIT_CONVERSION = YES;
				GCC_WARN_ABOUT_RETURN_TYPE = YES_ERROR;
				GCC_WARN_UNDECLARED_SELECTOR = YES;
				GCC_WARN_UNINITIALIZED_AUTOS = YES_AGGRESSIVE;
				GCC_WARN_UNUSED_FUNCTION = YES;
				GCC_WARN_UNUSED_VARIABLE = YES;
				IPHONEOS_DEPLOYMENT_TARGET = 17.4;
				LOCALIZATION_PREFERS_STRING_CATALOGS = YES;
				MTL_ENABLE_DEBUG_INFO = INCLUDE_SOURCE;
				MTL_FAST_MATH = YES;
				ONLY_ACTIVE_ARCH = YES;
				SDKROOT = iphoneos;
				SWIFT_ACTIVE_COMPILATION_CONDITIONS = "DEBUG $(inherited)";
				SWIFT_OPTIMIZATION_LEVEL = "-Onone";
			};
			name = Debug;
		};
		8D2008CF2BECADE30043700A /* Release */ = {
			isa = XCBuildConfiguration;
			buildSettings = {
				ALWAYS_SEARCH_USER_PATHS = NO;
				ASSETCATALOG_COMPILER_GENERATE_SWIFT_ASSET_SYMBOL_EXTENSIONS = YES;
				CLANG_ANALYZER_NONNULL = YES;
				CLANG_ANALYZER_NUMBER_OBJECT_CONVERSION = YES_AGGRESSIVE;
				CLANG_CXX_LANGUAGE_STANDARD = "gnu++20";
				CLANG_ENABLE_MODULES = YES;
				CLANG_ENABLE_OBJC_ARC = YES;
				CLANG_ENABLE_OBJC_WEAK = YES;
				CLANG_WARN_BLOCK_CAPTURE_AUTORELEASING = YES;
				CLANG_WARN_BOOL_CONVERSION = YES;
				CLANG_WARN_COMMA = YES;
				CLANG_WARN_CONSTANT_CONVERSION = YES;
				CLANG_WARN_DEPRECATED_OBJC_IMPLEMENTATIONS = YES;
				CLANG_WARN_DIRECT_OBJC_ISA_USAGE = YES_ERROR;
				CLANG_WARN_DOCUMENTATION_COMMENTS = YES;
				CLANG_WARN_EMPTY_BODY = YES;
				CLANG_WARN_ENUM_CONVERSION = YES;
				CLANG_WARN_INFINITE_RECURSION = YES;
				CLANG_WARN_INT_CONVERSION = YES;
				CLANG_WARN_NON_LITERAL_NULL_CONVERSION = YES;
				CLANG_WARN_OBJC_IMPLICIT_RETAIN_SELF = YES;
				CLANG_WARN_OBJC_LITERAL_CONVERSION = YES;
				CLANG_WARN_OBJC_ROOT_CLASS = YES_ERROR;
				CLANG_WARN_QUOTED_INCLUDE_IN_FRAMEWORK_HEADER = YES;
				CLANG_WARN_RANGE_LOOP_ANALYSIS = YES;
				CLANG_WARN_STRICT_PROTOTYPES = YES;
				CLANG_WARN_SUSPICIOUS_MOVE = YES;
				CLANG_WARN_UNGUARDED_AVAILABILITY = YES_AGGRESSIVE;
				CLANG_WARN_UNREACHABLE_CODE = YES;
				CLANG_WARN__DUPLICATE_METHOD_MATCH = YES;
				COPY_PHASE_STRIP = NO;
				DEBUG_INFORMATION_FORMAT = "dwarf-with-dsym";
				ENABLE_NS_ASSERTIONS = NO;
				ENABLE_STRICT_OBJC_MSGSEND = YES;
				ENABLE_USER_SCRIPT_SANDBOXING = YES;
				GCC_C_LANGUAGE_STANDARD = gnu17;
				GCC_NO_COMMON_BLOCKS = YES;
				GCC_WARN_64_TO_32_BIT_CONVERSION = YES;
				GCC_WARN_ABOUT_RETURN_TYPE = YES_ERROR;
				GCC_WARN_UNDECLARED_SELECTOR = YES;
				GCC_WARN_UNINITIALIZED_AUTOS = YES_AGGRESSIVE;
				GCC_WARN_UNUSED_FUNCTION = YES;
				GCC_WARN_UNUSED_VARIABLE = YES;
				IPHONEOS_DEPLOYMENT_TARGET = 17.4;
				LOCALIZATION_PREFERS_STRING_CATALOGS = YES;
				MTL_ENABLE_DEBUG_INFO = NO;
				MTL_FAST_MATH = YES;
				SDKROOT = iphoneos;
				SWIFT_COMPILATION_MODE = wholemodule;
				VALIDATE_PRODUCT = YES;
			};
			name = Release;
		};
		8D2008D12BECADE30043700A /* Debug */ = {
			isa = XCBuildConfiguration;
			buildSettings = {
				ASSETCATALOG_COMPILER_APPICON_NAME = AppIcon;
				ASSETCATALOG_COMPILER_GLOBAL_ACCENT_COLOR_NAME = AccentColor;
				CODE_SIGN_STYLE = Automatic;
				CURRENT_PROJECT_VERSION = 1;
				DEVELOPMENT_ASSET_PATHS = "\"ShareTrip/Preview Content\"";
				DEVELOPMENT_TEAM = 68439V4T7E;
				ENABLE_PREVIEWS = YES;
				GENERATE_INFOPLIST_FILE = YES;
				INFOPLIST_KEY_UIApplicationSceneManifest_Generation = YES;
				INFOPLIST_KEY_UIApplicationSupportsIndirectInputEvents = YES;
				INFOPLIST_KEY_UILaunchScreen_Generation = YES;
				INFOPLIST_KEY_UISupportedInterfaceOrientations_iPad = "UIInterfaceOrientationPortrait UIInterfaceOrientationPortraitUpsideDown UIInterfaceOrientationLandscapeLeft UIInterfaceOrientationLandscapeRight";
				INFOPLIST_KEY_UISupportedInterfaceOrientations_iPhone = "UIInterfaceOrientationPortrait UIInterfaceOrientationLandscapeLeft UIInterfaceOrientationLandscapeRight";
				LD_RUNPATH_SEARCH_PATHS = (
					"$(inherited)",
					"@executable_path/Frameworks",
				);
				MARKETING_VERSION = 1.0;
				PRODUCT_BUNDLE_IDENTIFIER = SEATCode.ShareTrip;
				PRODUCT_NAME = "$(TARGET_NAME)";
				SWIFT_EMIT_LOC_STRINGS = YES;
				SWIFT_VERSION = 5.0;
				TARGETED_DEVICE_FAMILY = "1,2";
			};
			name = Debug;
		};
		8D2008D22BECADE30043700A /* Release */ = {
			isa = XCBuildConfiguration;
			buildSettings = {
				ASSETCATALOG_COMPILER_APPICON_NAME = AppIcon;
				ASSETCATALOG_COMPILER_GLOBAL_ACCENT_COLOR_NAME = AccentColor;
				CODE_SIGN_STYLE = Automatic;
				CURRENT_PROJECT_VERSION = 1;
				DEVELOPMENT_ASSET_PATHS = "\"ShareTrip/Preview Content\"";
				DEVELOPMENT_TEAM = 68439V4T7E;
				ENABLE_PREVIEWS = YES;
				GENERATE_INFOPLIST_FILE = YES;
				INFOPLIST_KEY_UIApplicationSceneManifest_Generation = YES;
				INFOPLIST_KEY_UIApplicationSupportsIndirectInputEvents = YES;
				INFOPLIST_KEY_UILaunchScreen_Generation = YES;
				INFOPLIST_KEY_UISupportedInterfaceOrientations_iPad = "UIInterfaceOrientationPortrait UIInterfaceOrientationPortraitUpsideDown UIInterfaceOrientationLandscapeLeft UIInterfaceOrientationLandscapeRight";
				INFOPLIST_KEY_UISupportedInterfaceOrientations_iPhone = "UIInterfaceOrientationPortrait UIInterfaceOrientationLandscapeLeft UIInterfaceOrientationLandscapeRight";
				LD_RUNPATH_SEARCH_PATHS = (
					"$(inherited)",
					"@executable_path/Frameworks",
				);
				MARKETING_VERSION = 1.0;
				PRODUCT_BUNDLE_IDENTIFIER = SEATCode.ShareTrip;
				PRODUCT_NAME = "$(TARGET_NAME)";
				SWIFT_EMIT_LOC_STRINGS = YES;
				SWIFT_VERSION = 5.0;
				TARGETED_DEVICE_FAMILY = "1,2";
			};
			name = Release;
		};
		8D2008D42BECADE30043700A /* Debug */ = {
			isa = XCBuildConfiguration;
			buildSettings = {
				ALWAYS_EMBED_SWIFT_STANDARD_LIBRARIES = YES;
				BUNDLE_LOADER = "$(TEST_HOST)";
				CODE_SIGN_STYLE = Automatic;
				CURRENT_PROJECT_VERSION = 1;
				DEVELOPMENT_TEAM = 68439V4T7E;
				GENERATE_INFOPLIST_FILE = YES;
				IPHONEOS_DEPLOYMENT_TARGET = 17.4;
				MARKETING_VERSION = 1.0;
				PRODUCT_BUNDLE_IDENTIFIER = SEATCode.ShareTripTests;
				PRODUCT_NAME = "$(TARGET_NAME)";
				SWIFT_EMIT_LOC_STRINGS = NO;
				SWIFT_VERSION = 5.0;
				TARGETED_DEVICE_FAMILY = "1,2";
				TEST_HOST = "$(BUILT_PRODUCTS_DIR)/ShareTrip.app/$(BUNDLE_EXECUTABLE_FOLDER_PATH)/ShareTrip";
			};
			name = Debug;
		};
		8D2008D52BECADE30043700A /* Release */ = {
			isa = XCBuildConfiguration;
			buildSettings = {
				ALWAYS_EMBED_SWIFT_STANDARD_LIBRARIES = YES;
				BUNDLE_LOADER = "$(TEST_HOST)";
				CODE_SIGN_STYLE = Automatic;
				CURRENT_PROJECT_VERSION = 1;
				DEVELOPMENT_TEAM = 68439V4T7E;
				GENERATE_INFOPLIST_FILE = YES;
				IPHONEOS_DEPLOYMENT_TARGET = 17.4;
				MARKETING_VERSION = 1.0;
				PRODUCT_BUNDLE_IDENTIFIER = SEATCode.ShareTripTests;
				PRODUCT_NAME = "$(TARGET_NAME)";
				SWIFT_EMIT_LOC_STRINGS = NO;
				SWIFT_VERSION = 5.0;
				TARGETED_DEVICE_FAMILY = "1,2";
				TEST_HOST = "$(BUILT_PRODUCTS_DIR)/ShareTrip.app/$(BUNDLE_EXECUTABLE_FOLDER_PATH)/ShareTrip";
			};
			name = Release;
		};
		8D2008D72BECADE30043700A /* Debug */ = {
			isa = XCBuildConfiguration;
			buildSettings = {
				ALWAYS_EMBED_SWIFT_STANDARD_LIBRARIES = YES;
				CODE_SIGN_STYLE = Automatic;
				CURRENT_PROJECT_VERSION = 1;
				DEVELOPMENT_TEAM = 68439V4T7E;
				GENERATE_INFOPLIST_FILE = YES;
				MARKETING_VERSION = 1.0;
				PRODUCT_BUNDLE_IDENTIFIER = SEATCode.ShareTripUITests;
				PRODUCT_NAME = "$(TARGET_NAME)";
				SWIFT_EMIT_LOC_STRINGS = NO;
				SWIFT_VERSION = 5.0;
				TARGETED_DEVICE_FAMILY = "1,2";
				TEST_TARGET_NAME = ShareTrip;
			};
			name = Debug;
		};
		8D2008D82BECADE30043700A /* Release */ = {
			isa = XCBuildConfiguration;
			buildSettings = {
				ALWAYS_EMBED_SWIFT_STANDARD_LIBRARIES = YES;
				CODE_SIGN_STYLE = Automatic;
				CURRENT_PROJECT_VERSION = 1;
				DEVELOPMENT_TEAM = 68439V4T7E;
				GENERATE_INFOPLIST_FILE = YES;
				MARKETING_VERSION = 1.0;
				PRODUCT_BUNDLE_IDENTIFIER = SEATCode.ShareTripUITests;
				PRODUCT_NAME = "$(TARGET_NAME)";
				SWIFT_EMIT_LOC_STRINGS = NO;
				SWIFT_VERSION = 5.0;
				TARGETED_DEVICE_FAMILY = "1,2";
				TEST_TARGET_NAME = ShareTrip;
			};
			name = Release;
		};
/* End XCBuildConfiguration section */

/* Begin XCConfigurationList section */
		8D2008A22BECADE00043700A /* Build configuration list for PBXProject "ShareTrip" */ = {
			isa = XCConfigurationList;
			buildConfigurations = (
				8D2008CE2BECADE30043700A /* Debug */,
				8D2008CF2BECADE30043700A /* Release */,
			);
			defaultConfigurationIsVisible = 0;
			defaultConfigurationName = Release;
		};
		8D2008D02BECADE30043700A /* Build configuration list for PBXNativeTarget "ShareTrip" */ = {
			isa = XCConfigurationList;
			buildConfigurations = (
				8D2008D12BECADE30043700A /* Debug */,
				8D2008D22BECADE30043700A /* Release */,
			);
			defaultConfigurationIsVisible = 0;
			defaultConfigurationName = Release;
		};
		8D2008D32BECADE30043700A /* Build configuration list for PBXNativeTarget "ShareTripTests" */ = {
			isa = XCConfigurationList;
			buildConfigurations = (
				8D2008D42BECADE30043700A /* Debug */,
				8D2008D52BECADE30043700A /* Release */,
			);
			defaultConfigurationIsVisible = 0;
			defaultConfigurationName = Release;
		};
		8D2008D62BECADE30043700A /* Build configuration list for PBXNativeTarget "ShareTripUITests" */ = {
			isa = XCConfigurationList;
			buildConfigurations = (
				8D2008D72BECADE30043700A /* Debug */,
				8D2008D82BECADE30043700A /* Release */,
			);
			defaultConfigurationIsVisible = 0;
			defaultConfigurationName = Release;
		};
/* End XCConfigurationList section */

/* Begin XCVersionGroup section */
		8D2008B52BECADE20043700A /* ShareTrip.xcdatamodeld */ = {
			isa = XCVersionGroup;
			children = (
				8D2008B62BECADE20043700A /* ShareTrip.xcdatamodel */,
			);
			currentVersion = 8D2008B62BECADE20043700A /* ShareTrip.xcdatamodel */;
			path = ShareTrip.xcdatamodeld;
			sourceTree = "<group>";
			versionGroupType = wrapper.xcdatamodel;
		};
/* End XCVersionGroup section */
	};
	rootObject = 8D20089F2BECADE00043700A /* Project object */;
}
