{
  "originHash" : "8290258884be26f0cee38f7a163dffd8a86fb60abb5d57f1ade03c8e80416f4a",
  "pins" : [
    {
      "identity" : "ios-maps-sdk",
      "kind" : "remoteSourceControl",
      "location" : "https://github.com/googlemaps/ios-maps-sdk",
      "state" : {
        "revision" : "bd392d7d844b49ec6795871a3c25edd01ab839f2",
        "version" : "8.4.0"
      }
    },
    {
      "identity" : "polyline",
      "kind" : "remoteSourceControl",
      "location" : "https://github.com/raphaelmor/Polyline.git",
      "state" : {
        "branch" : "master",
        "revision" : "353f80378dcd8f17eefe8550090c6b1ae3c9da23"
      }
    }
  ],
  "version" : 3
}
